<?xml version="1.0" encoding="utf-8"?>
<Project ToolsVersion="4.0" xmlns="http://schemas.microsoft.com/developer/msbuild/2003">
  <ItemGroup>
    <Filter Include="Core">
      <UniqueIdentifier>{9494f307-c1ec-49c3-b3a2-e8bd3267d84e}</UniqueIdentifier>
    </Filter>
    <Filter Include="Core\Window">
      <UniqueIdentifier>{a3d208ce-c616-4e32-9d2d-f8e8825c59cf}</UniqueIdentifier>
    </Filter>
    <Filter Include="include">
      <UniqueIdentifier>{1d2eb2cb-c2cc-41b4-af6d-395b05f55a04}</UniqueIdentifier>
    </Filter>
    <Filter Include="Component">
      <UniqueIdentifier>{473dfab2-3e7d-432d-8e69-65aa99f48c29}</UniqueIdentifier>
    </Filter>
    <Filter Include="Core\GPU">
      <UniqueIdentifier>{271e5bd2-7cb3-40b7-b2e5-5e343c58f910}</UniqueIdentifier>
    </Filter>
    <Filter Include="Core\Managers">
      <UniqueIdentifier>{2940a1fd-9fef-46a7-93fb-a8241118d00a}</UniqueIdentifier>
    </Filter>
    <Filter Include="brickbreaker">
      <UniqueIdentifier>{112fcb3d-1953-4801-8ec3-7a2bafd41279}</UniqueIdentifier>
    </Filter>
    <Filter Include="brickbreaker\generic">
      <UniqueIdentifier>{7976e9b4-6a90-4131-b47c-32587b6f7655}</UniqueIdentifier>
    </Filter>
    <Filter Include="brickbreaker\scene">
      <UniqueIdentifier>{e748ebee-72db-4c0f-8664-5f0cd0d6680d}</UniqueIdentifier>
    </Filter>
  </ItemGroup>
  <ItemGroup>
    <ClCompile Include="..\Source\Core\Engine.cpp">
      <Filter>Core</Filter>
    </ClCompile>
    <ClCompile Include="..\Source\Core\World.cpp">
      <Filter>Core</Filter>
    </ClCompile>
    <ClCompile Include="..\Source\include\gl.cpp">
      <Filter>include</Filter>
    </ClCompile>
    <ClCompile Include="..\Source\Core\Window\WindowObject.cpp">
      <Filter>Core\Window</Filter>
    </ClCompile>
    <ClCompile Include="..\Source\Core\GPU\Shader.cpp">
      <Filter>Core\GPU</Filter>
    </ClCompile>
    <ClCompile Include="..\Source\Core\Window\WindowCallbacks.cpp">
      <Filter>Core\Window</Filter>
    </ClCompile>
    <ClCompile Include="..\Source\Core\GPU\Mesh.cpp">
      <Filter>Core\GPU</Filter>
    </ClCompile>
    <ClCompile Include="..\Source\Core\GPU\Texture2D.cpp">
      <Filter>Core\GPU</Filter>
    </ClCompile>
    <ClCompile Include="..\Source\Core\Managers\TextureManager.cpp">
      <Filter>Core\Managers</Filter>
    </ClCompile>
    <ClCompile Include="..\Source\Component\CameraInput.cpp">
      <Filter>Component</Filter>
    </ClCompile>
    <ClCompile Include="..\Source\Core\Window\InputController.cpp">
      <Filter>Core\Window</Filter>
    </ClCompile>
    <ClCompile Include="..\Source\Component\SimpleScene.cpp">
      <Filter>Component</Filter>
    </ClCompile>
    <ClCompile Include="..\Source\Core\GPU\GPUBuffers.cpp">
      <Filter>Core\GPU</Filter>
    </ClCompile>
    <ClCompile Include="..\Source\Component\SceneInput.cpp">
      <Filter>Component</Filter>
    </ClCompile>
    <ClCompile Include="..\Source\brickbreaker\generic\circle.cc">
      <Filter>brickbreaker\generic</Filter>
    </ClCompile>
    <ClCompile Include="..\Source\brickbreaker\generic\rectangle.cc">
      <Filter>brickbreaker\generic</Filter>
    </ClCompile>
    <ClCompile Include="..\Source\brickbreaker\scene\ball.cc">
      <Filter>brickbreaker\scene</Filter>
    </ClCompile>
    <ClCompile Include="..\Source\brickbreaker\scene\brick.cc">
      <Filter>brickbreaker\scene</Filter>
    </ClCompile>
    <ClCompile Include="..\Source\brickbreaker\scene\platform.cc">
      <Filter>brickbreaker\scene</Filter>
    </ClCompile>
    <ClCompile Include="..\Source\brickbreaker\scene\scene.cc">
      <Filter>brickbreaker\scene</Filter>
    </ClCompile>
    <ClCompile Include="..\Source\brickbreaker\scene\wall.cc">
      <Filter>brickbreaker\scene</Filter>
    </ClCompile>
    <ClCompile Include="..\Source\main.cc" />
    <ClCompile Include="..\Source\brickbreaker\scene\pausebutton.cpp">
      <Filter>brickbreaker\scene</Filter>
    </ClCompile>
    <ClCompile Include="..\Source\brickbreaker\scene\powerup.cpp">
      <Filter>brickbreaker\scene</Filter>
    </ClCompile>
  </ItemGroup>
  <ItemGroup>
    <ClInclude Include="..\Source\Core\World.h">
      <Filter>Core</Filter>
    </ClInclude>
    <ClInclude Include="..\Source\Core\Engine.h">
      <Filter>Core</Filter>
    </ClInclude>
    <ClInclude Include="..\Source\include\gl.h">
      <Filter>include</Filter>
    </ClInclude>
    <ClInclude Include="..\Source\include\glm.h">
      <Filter>include</Filter>
    </ClInclude>
    <ClInclude Include="..\Source\include\math.h">
      <Filter>include</Filter>
    </ClInclude>
    <ClInclude Include="..\Source\include\utils.h">
      <Filter>include</Filter>
    </ClInclude>
    <ClInclude Include="..\Source\Core\Window\WindowObject.h">
      <Filter>Core\Window</Filter>
    </ClInclude>
    <ClInclude Include="..\Source\Core\GPU\Shader.h">
      <Filter>Core\GPU</Filter>
    </ClInclude>
    <ClInclude Include="..\Source\Core\Window\WindowCallbacks.h">
      <Filter>Core\Window</Filter>
    </ClInclude>
    <ClInclude Include="..\Source\Core\GPU\Mesh.h">
      <Filter>Core\GPU</Filter>
    </ClInclude>
    <ClInclude Include="..\Source\Core\GPU\Texture2D.h">
      <Filter>Core\GPU</Filter>
    </ClInclude>
    <ClInclude Include="..\Source\Core\Managers\ResourcePath.h">
      <Filter>Core\Managers</Filter>
    </ClInclude>
    <ClInclude Include="..\Source\Core\Managers\TextureManager.h">
      <Filter>Core\Managers</Filter>
    </ClInclude>
    <ClInclude Include="..\Source\Component\CameraInput.h">
      <Filter>Component</Filter>
    </ClInclude>
    <ClInclude Include="..\Source\Core\Window\InputController.h">
      <Filter>Core\Window</Filter>
    </ClInclude>
    <ClInclude Include="..\Source\Component\SimpleScene.h">
      <Filter>Component</Filter>
    </ClInclude>
    <ClInclude Include="..\Source\Core\GPU\GPUBuffers.h">
      <Filter>Core\GPU</Filter>
    </ClInclude>
    <ClInclude Include="..\Source\Component\SceneInput.h">
      <Filter>Component</Filter>
    </ClInclude>
    <ClInclude Include="..\Source\brickbreaker\generic\animatedmesh.h">
      <Filter>brickbreaker\generic</Filter>
    </ClInclude>
    <ClInclude Include="..\Source\brickbreaker\generic\circle.h">
      <Filter>brickbreaker\generic</Filter>
    </ClInclude>
    <ClInclude Include="..\Source\brickbreaker\generic\rectangle.h">
      <Filter>brickbreaker\generic</Filter>
    </ClInclude>
    <ClInclude Include="..\Source\brickbreaker\generic\transform2d.h">
      <Filter>brickbreaker\generic</Filter>
    </ClInclude>
    <ClInclude Include="..\Source\brickbreaker\scene\ball.h">
      <Filter>brickbreaker\scene</Filter>
    </ClInclude>
    <ClInclude Include="..\Source\brickbreaker\scene\brick.h">
      <Filter>brickbreaker\scene</Filter>
    </ClInclude>
    <ClInclude Include="..\Source\brickbreaker\scene\platform.h">
      <Filter>brickbreaker\scene</Filter>
    </ClInclude>
    <ClInclude Include="..\Source\brickbreaker\scene\scene.h">
      <Filter>brickbreaker\scene</Filter>
    </ClInclude>
    <ClInclude Include="..\Source\brickbreaker\scene\wall.h">
      <Filter>brickbreaker\scene</Filter>
    </ClInclude>
    <ClInclude Include="..\Source\brickbreaker\scene\pausebutton.h">
      <Filter>brickbreaker\scene</Filter>
    </ClInclude>
    <ClInclude Include="..\Source\brickbreaker\scene\powerup.h">
      <Filter>brickbreaker\scene</Filter>
    </ClInclude>
  </ItemGroup>
  <ItemGroup>
    <None Include="ClassDiagram.cd" />
  </ItemGroup>
</Project>